# THIS IS AN AUTOGENERATED FILE. DO NOT EDIT THIS FILE DIRECTLY.
# yarn lockfile v1


"@algolia/autocomplete-core@1.8.2":
  version "1.8.2"
  resolved "https://registry.npmjs.org/@algolia/autocomplete-core/-/autocomplete-core-1.8.2.tgz"
  dependencies:
    "@algolia/autocomplete-shared" "1.8.2"

"@algolia/autocomplete-preset-algolia@1.8.2":
  version "1.8.2"
  resolved "https://registry.npmjs.org/@algolia/autocomplete-preset-algolia/-/autocomplete-preset-algolia-1.8.2.tgz"
  dependencies:
    "@algolia/autocomplete-shared" "1.8.2"

"@algolia/autocomplete-shared@1.8.2":
  version "1.8.2"
  resolved "https://registry.npmjs.org/@algolia/autocomplete-shared/-/autocomplete-shared-1.8.2.tgz"

"@algolia/cache-browser-local-storage@4.17.1":
  version "4.17.1"
  resolved "https://registry.npmjs.org/@algolia/cache-browser-local-storage/-/cache-browser-local-storage-4.17.1.tgz"
  dependencies:
    "@algolia/cache-common" "4.17.1"

"@algolia/cache-common@4.17.1":
  version "4.17.1"
  resolved "https://registry.npmjs.org/@algolia/cache-common/-/cache-common-4.17.1.tgz"

"@algolia/cache-in-memory@4.17.1":
  version "4.17.1"
  resolved "https://registry.npmjs.org/@algolia/cache-in-memory/-/cache-in-memory-4.17.1.tgz"
  dependencies:
    "@algolia/cache-common" "4.17.1"

"@algolia/client-account@4.17.1":
  version "4.17.1"
  resolved "https://registry.npmjs.org/@algolia/client-account/-/client-account-4.17.1.tgz"
  dependencies:
    "@algolia/client-common" "4.17.1"
    "@algolia/client-search" "4.17.1"
    "@algolia/transporter" "4.17.1"

"@algolia/client-analytics@4.17.1":
  version "4.17.1"
  resolved "https://registry.npmjs.org/@algolia/client-analytics/-/client-analytics-4.17.1.tgz"
  dependencies:
    "@algolia/client-common" "4.17.1"
    "@algolia/client-search" "4.17.1"
    "@algolia/requester-common" "4.17.1"
    "@algolia/transporter" "4.17.1"

"@algolia/client-common@4.17.1":
  version "4.17.1"
  resolved "https://registry.npmjs.org/@algolia/client-common/-/client-common-4.17.1.tgz"
  dependencies:
    "@algolia/requester-common" "4.17.1"
    "@algolia/transporter" "4.17.1"

"@algolia/client-personalization@4.17.1":
  version "4.17.1"
  resolved "https://registry.npmjs.org/@algolia/client-personalization/-/client-personalization-4.17.1.tgz"
  dependencies:
    "@algolia/client-common" "4.17.1"
    "@algolia/requester-common" "4.17.1"
    "@algolia/transporter" "4.17.1"

"@algolia/client-search@4.17.1":
  version "4.17.1"
  resolved "https://registry.npmjs.org/@algolia/client-search/-/client-search-4.17.1.tgz"
  dependencies:
    "@algolia/client-common" "4.17.1"
    "@algolia/requester-common" "4.17.1"
    "@algolia/transporter" "4.17.1"

"@algolia/logger-common@4.17.1":
  version "4.17.1"
  resolved "https://registry.npmjs.org/@algolia/logger-common/-/logger-common-4.17.1.tgz"

"@algolia/logger-console@4.17.1":
  version "4.17.1"
  resolved "https://registry.npmjs.org/@algolia/logger-console/-/logger-console-4.17.1.tgz"
  dependencies:
    "@algolia/logger-common" "4.17.1"

"@algolia/requester-browser-xhr@4.17.1":
  version "4.17.1"
  resolved "https://registry.npmjs.org/@algolia/requester-browser-xhr/-/requester-browser-xhr-4.17.1.tgz"
  dependencies:
    "@algolia/requester-common" "4.17.1"

"@algolia/requester-common@4.17.1":
  version "4.17.1"
  resolved "https://registry.npmjs.org/@algolia/requester-common/-/requester-common-4.17.1.tgz"

"@algolia/requester-node-http@4.17.1":
  version "4.17.1"
  resolved "https://registry.npmjs.org/@algolia/requester-node-http/-/requester-node-http-4.17.1.tgz"
  dependencies:
    "@algolia/requester-common" "4.17.1"

"@algolia/transporter@4.17.1":
  version "4.17.1"
  resolved "https://registry.npmjs.org/@algolia/transporter/-/transporter-4.17.1.tgz"
  dependencies:
    "@algolia/cache-common" "4.17.1"
    "@algolia/logger-common" "4.17.1"
    "@algolia/requester-common" "4.17.1"

"@babel/parser@^7.20.15", "@babel/parser@^7.21.3":
  version "7.22.3"
  resolved "https://registry.npmjs.org/@babel/parser/-/parser-7.22.3.tgz"

"@docsearch/css@3.4.0", "@docsearch/css@^3.3.5":
  version "3.4.0"
  resolved "https://registry.npmjs.org/@docsearch/css/-/css-3.4.0.tgz"

"@docsearch/js@^3.3.5":
  version "3.4.0"
  resolved "https://registry.npmjs.org/@docsearch/js/-/js-3.4.0.tgz"
  dependencies:
    "@docsearch/react" "3.4.0"
    preact "^10.0.0"

"@docsearch/react@3.4.0":
  version "3.4.0"
  resolved "https://registry.npmjs.org/@docsearch/react/-/react-3.4.0.tgz"
  dependencies:
    "@algolia/autocomplete-core" "1.8.2"
    "@algolia/autocomplete-preset-algolia" "1.8.2"
    "@docsearch/css" "3.4.0"
    algoliasearch "^4.0.0"

"@esbuild/android-arm64@0.17.19":
  version "0.17.19"
  resolved "https://registry.yarnpkg.com/@esbuild/android-arm64/-/android-arm64-0.17.19.tgz#bafb75234a5d3d1b690e7c2956a599345e84a2fd"

"@esbuild/android-arm@0.17.19":
  version "0.17.19"
  resolved "https://registry.yarnpkg.com/@esbuild/android-arm/-/android-arm-0.17.19.tgz#5898f7832c2298bc7d0ab53701c57beb74d78b4d"

"@esbuild/android-x64@0.17.19":
  version "0.17.19"
  resolved "https://registry.yarnpkg.com/@esbuild/android-x64/-/android-x64-0.17.19.tgz#658368ef92067866d95fb268719f98f363d13ae1"

"@esbuild/darwin-arm64@0.17.19":
  version "0.17.19"
  resolved "https://registry.npmjs.org/@esbuild/darwin-arm64/-/darwin-arm64-0.17.19.tgz"

"@esbuild/darwin-x64@0.17.19":
  version "0.17.19"
  resolved "https://registry.yarnpkg.com/@esbuild/darwin-x64/-/darwin-x64-0.17.19.tgz#7751d236dfe6ce136cce343dce69f52d76b7f6cb"

"@esbuild/freebsd-arm64@0.17.19":
  version "0.17.19"
  resolved "https://registry.yarnpkg.com/@esbuild/freebsd-arm64/-/freebsd-arm64-0.17.19.tgz#cacd171665dd1d500f45c167d50c6b7e539d5fd2"

"@esbuild/freebsd-x64@0.17.19":
  version "0.17.19"
  resolved "https://registry.yarnpkg.com/@esbuild/freebsd-x64/-/freebsd-x64-0.17.19.tgz#0769456eee2a08b8d925d7c00b79e861cb3162e4"

"@esbuild/linux-arm64@0.17.19":
  version "0.17.19"
  resolved "https://registry.yarnpkg.com/@esbuild/linux-arm64/-/linux-arm64-0.17.19.tgz#38e162ecb723862c6be1c27d6389f48960b68edb"

"@esbuild/linux-arm@0.17.19":
  version "0.17.19"
  resolved "https://registry.yarnpkg.com/@esbuild/linux-arm/-/linux-arm-0.17.19.tgz#1a2cd399c50040184a805174a6d89097d9d1559a"

"@esbuild/linux-ia32@0.17.19":
  version "0.17.19"
  resolved "https://registry.yarnpkg.com/@esbuild/linux-ia32/-/linux-ia32-0.17.19.tgz#e28c25266b036ce1cabca3c30155222841dc035a"

"@esbuild/linux-loong64@0.17.19":
  version "0.17.19"
  resolved "https://registry.yarnpkg.com/@esbuild/linux-loong64/-/linux-loong64-0.17.19.tgz#0f887b8bb3f90658d1a0117283e55dbd4c9dcf72"

"@esbuild/linux-mips64el@0.17.19":
  version "0.17.19"
  resolved "https://registry.yarnpkg.com/@esbuild/linux-mips64el/-/linux-mips64el-0.17.19.tgz#f5d2a0b8047ea9a5d9f592a178ea054053a70289"

"@esbuild/linux-ppc64@0.17.19":
  version "0.17.19"
  resolved "https://registry.yarnpkg.com/@esbuild/linux-ppc64/-/linux-ppc64-0.17.19.tgz#876590e3acbd9fa7f57a2c7d86f83717dbbac8c7"

"@esbuild/linux-riscv64@0.17.19":
  version "0.17.19"
  resolved "https://registry.yarnpkg.com/@esbuild/linux-riscv64/-/linux-riscv64-0.17.19.tgz#7f49373df463cd9f41dc34f9b2262d771688bf09"

"@esbuild/linux-s390x@0.17.19":
  version "0.17.19"
  resolved "https://registry.yarnpkg.com/@esbuild/linux-s390x/-/linux-s390x-0.17.19.tgz#e2afd1afcaf63afe2c7d9ceacd28ec57c77f8829"

"@esbuild/linux-x64@0.17.19":
  version "0.17.19"
  resolved "https://registry.yarnpkg.com/@esbuild/linux-x64/-/linux-x64-0.17.19.tgz#8a0e9738b1635f0c53389e515ae83826dec22aa4"

"@esbuild/netbsd-x64@0.17.19":
  version "0.17.19"
  resolved "https://registry.yarnpkg.com/@esbuild/netbsd-x64/-/netbsd-x64-0.17.19.tgz#c29fb2453c6b7ddef9a35e2c18b37bda1ae5c462"

"@esbuild/openbsd-x64@0.17.19":
  version "0.17.19"
  resolved "https://registry.yarnpkg.com/@esbuild/openbsd-x64/-/openbsd-x64-0.17.19.tgz#95e75a391403cb10297280d524d66ce04c920691"

"@esbuild/sunos-x64@0.17.19":
  version "0.17.19"
  resolved "https://registry.yarnpkg.com/@esbuild/sunos-x64/-/sunos-x64-0.17.19.tgz#722eaf057b83c2575937d3ffe5aeb16540da7273"

"@esbuild/win32-arm64@0.17.19":
  version "0.17.19"
  resolved "https://registry.yarnpkg.com/@esbuild/win32-arm64/-/win32-arm64-0.17.19.tgz#9aa9dc074399288bdcdd283443e9aeb6b9552b6f"

"@esbuild/win32-ia32@0.17.19":
  version "0.17.19"
  resolved "https://registry.yarnpkg.com/@esbuild/win32-ia32/-/win32-ia32-0.17.19.tgz#95ad43c62ad62485e210f6299c7b2571e48d2b03"

"@esbuild/win32-x64@0.17.19":
  version "0.17.19"
  resolved "https://registry.yarnpkg.com/@esbuild/win32-x64/-/win32-x64-0.17.19.tgz#8cfaf2ff603e9aabb910e9c0558c26cf32744061"

"@jridgewell/sourcemap-codec@^1.4.13":
  version "1.4.15"
  resolved "https://registry.npmjs.org/@jridgewell/sourcemap-codec/-/sourcemap-codec-1.4.15.tgz"

"@types/web-bluetooth@^0.0.17":
  version "0.0.17"
  resolved "https://registry.npmjs.org/@types/web-bluetooth/-/web-bluetooth-0.0.17.tgz"

"@vitejs/plugin-vue@^4.2.3":
  version "4.2.3"
  resolved "https://registry.npmjs.org/@vitejs/plugin-vue/-/plugin-vue-4.2.3.tgz"

"@vue/compiler-core@3.3.4":
  version "3.3.4"
  resolved "https://registry.npmjs.org/@vue/compiler-core/-/compiler-core-3.3.4.tgz"
  dependencies:
    "@babel/parser" "^7.21.3"
    "@vue/shared" "3.3.4"
    estree-walker "^2.0.2"
    source-map-js "^1.0.2"

"@vue/compiler-dom@3.3.4":
  version "3.3.4"
  resolved "https://registry.npmjs.org/@vue/compiler-dom/-/compiler-dom-3.3.4.tgz"
  dependencies:
    "@vue/compiler-core" "3.3.4"
    "@vue/shared" "3.3.4"

"@vue/compiler-sfc@3.3.4":
  version "3.3.4"
  resolved "https://registry.npmjs.org/@vue/compiler-sfc/-/compiler-sfc-3.3.4.tgz"
  dependencies:
    "@babel/parser" "^7.20.15"
    "@vue/compiler-core" "3.3.4"
    "@vue/compiler-dom" "3.3.4"
    "@vue/compiler-ssr" "3.3.4"
    "@vue/reactivity-transform" "3.3.4"
    "@vue/shared" "3.3.4"
    estree-walker "^2.0.2"
    magic-string "^0.30.0"
    postcss "^8.1.10"
    source-map-js "^1.0.2"

"@vue/compiler-ssr@3.3.4":
  version "3.3.4"
  resolved "https://registry.npmjs.org/@vue/compiler-ssr/-/compiler-ssr-3.3.4.tgz"
  dependencies:
    "@vue/compiler-dom" "3.3.4"
    "@vue/shared" "3.3.4"

"@vue/devtools-api@^6.5.0":
  version "6.5.0"
  resolved "https://registry.npmjs.org/@vue/devtools-api/-/devtools-api-6.5.0.tgz"

"@vue/reactivity-transform@3.3.4":
  version "3.3.4"
  resolved "https://registry.npmjs.org/@vue/reactivity-transform/-/reactivity-transform-3.3.4.tgz"
  dependencies:
    "@babel/parser" "^7.20.15"
    "@vue/compiler-core" "3.3.4"
    "@vue/shared" "3.3.4"
    estree-walker "^2.0.2"
    magic-string "^0.30.0"

"@vue/reactivity@3.3.4":
  version "3.3.4"
  resolved "https://registry.npmjs.org/@vue/reactivity/-/reactivity-3.3.4.tgz"
  dependencies:
    "@vue/shared" "3.3.4"

"@vue/runtime-core@3.3.4":
  version "3.3.4"
  resolved "https://registry.npmjs.org/@vue/runtime-core/-/runtime-core-3.3.4.tgz"
  dependencies:
    "@vue/reactivity" "3.3.4"
    "@vue/shared" "3.3.4"

"@vue/runtime-dom@3.3.4":
  version "3.3.4"
  resolved "https://registry.npmjs.org/@vue/runtime-dom/-/runtime-dom-3.3.4.tgz"
  dependencies:
    "@vue/runtime-core" "3.3.4"
    "@vue/shared" "3.3.4"
    csstype "^3.1.1"

"@vue/server-renderer@3.3.4":
  version "3.3.4"
  resolved "https://registry.npmjs.org/@vue/server-renderer/-/server-renderer-3.3.4.tgz"
  dependencies:
    "@vue/compiler-ssr" "3.3.4"
    "@vue/shared" "3.3.4"

"@vue/shared@3.3.4":
  version "3.3.4"
  resolved "https://registry.npmjs.org/@vue/shared/-/shared-3.3.4.tgz"

"@vueuse/core@10.1.2", "@vueuse/core@^10.1.2":
  version "10.1.2"
  resolved "https://registry.npmjs.org/@vueuse/core/-/core-10.1.2.tgz"
  dependencies:
    "@types/web-bluetooth" "^0.0.17"
    "@vueuse/metadata" "10.1.2"
    "@vueuse/shared" "10.1.2"
    vue-demi ">=0.14.0"

"@vueuse/integrations@^10.1.2":
  version "10.1.2"
  resolved "https://registry.npmjs.org/@vueuse/integrations/-/integrations-10.1.2.tgz"
  dependencies:
    "@vueuse/core" "10.1.2"
    "@vueuse/shared" "10.1.2"
    vue-demi ">=0.14.0"

"@vueuse/metadata@10.1.2":
  version "10.1.2"
  resolved "https://registry.npmjs.org/@vueuse/metadata/-/metadata-10.1.2.tgz"

"@vueuse/shared@10.1.2":
  version "10.1.2"
  resolved "https://registry.npmjs.org/@vueuse/shared/-/shared-10.1.2.tgz"
  dependencies:
    vue-demi ">=0.14.0"

algoliasearch@^4.0.0:
  version "4.17.1"
  resolved "https://registry.npmjs.org/algoliasearch/-/algoliasearch-4.17.1.tgz"
  dependencies:
    "@algolia/cache-browser-local-storage" "4.17.1"
    "@algolia/cache-common" "4.17.1"
    "@algolia/cache-in-memory" "4.17.1"
    "@algolia/client-account" "4.17.1"
    "@algolia/client-analytics" "4.17.1"
    "@algolia/client-common" "4.17.1"
    "@algolia/client-personalization" "4.17.1"
    "@algolia/client-search" "4.17.1"
    "@algolia/logger-common" "4.17.1"
    "@algolia/logger-console" "4.17.1"
    "@algolia/requester-browser-xhr" "4.17.1"
    "@algolia/requester-common" "4.17.1"
    "@algolia/requester-node-http" "4.17.1"
    "@algolia/transporter" "4.17.1"

ansi-sequence-parser@^1.1.0:
  version "1.1.0"
  resolved "https://registry.npmjs.org/ansi-sequence-parser/-/ansi-sequence-parser-1.1.0.tgz"

body-scroll-lock@4.0.0-beta.0:
  version "4.0.0-beta.0"
  resolved "https://registry.npmjs.org/body-scroll-lock/-/body-scroll-lock-4.0.0-beta.0.tgz"

csstype@^3.1.1:
  version "3.1.2"
  resolved "https://registry.npmjs.org/csstype/-/csstype-3.1.2.tgz"

esbuild@^0.17.5:
  version "0.17.19"
  resolved "https://registry.npmjs.org/esbuild/-/esbuild-0.17.19.tgz"
  optionalDependencies:
    "@esbuild/android-arm" "0.17.19"
    "@esbuild/android-arm64" "0.17.19"
    "@esbuild/android-x64" "0.17.19"
    "@esbuild/darwin-arm64" "0.17.19"
    "@esbuild/darwin-x64" "0.17.19"
    "@esbuild/freebsd-arm64" "0.17.19"
    "@esbuild/freebsd-x64" "0.17.19"
    "@esbuild/linux-arm" "0.17.19"
    "@esbuild/linux-arm64" "0.17.19"
    "@esbuild/linux-ia32" "0.17.19"
    "@esbuild/linux-loong64" "0.17.19"
    "@esbuild/linux-mips64el" "0.17.19"
    "@esbuild/linux-ppc64" "0.17.19"
    "@esbuild/linux-riscv64" "0.17.19"
    "@esbuild/linux-s390x" "0.17.19"
    "@esbuild/linux-x64" "0.17.19"
    "@esbuild/netbsd-x64" "0.17.19"
    "@esbuild/openbsd-x64" "0.17.19"
    "@esbuild/sunos-x64" "0.17.19"
    "@esbuild/win32-arm64" "0.17.19"
    "@esbuild/win32-ia32" "0.17.19"
    "@esbuild/win32-x64" "0.17.19"

estree-walker@^2.0.2:
  version "2.0.2"
  resolved "https://registry.npmjs.org/estree-walker/-/estree-walker-2.0.2.tgz"

focus-trap@^7.4.2:
  version "7.4.3"
  resolved "https://registry.npmjs.org/focus-trap/-/focus-trap-7.4.3.tgz"
  dependencies:
    tabbable "^6.1.2"

fsevents@~2.3.2:
  version "2.3.2"
  resolved "https://registry.npmjs.org/fsevents/-/fsevents-2.3.2.tgz"

jsonc-parser@^3.2.0:
  version "3.2.0"
  resolved "https://registry.npmjs.org/jsonc-parser/-/jsonc-parser-3.2.0.tgz"

magic-string@^0.30.0:
  version "0.30.0"
  resolved "https://registry.npmjs.org/magic-string/-/magic-string-0.30.0.tgz"
  dependencies:
    "@jridgewell/sourcemap-codec" "^1.4.13"

mark.js@8.11.1:
  version "8.11.1"
  resolved "https://registry.npmjs.org/mark.js/-/mark.js-8.11.1.tgz"

minisearch@^6.1.0:
  version "6.1.0"
  resolved "https://registry.npmjs.org/minisearch/-/minisearch-6.1.0.tgz"

nanoid@^3.3.6:
  version "3.3.6"
  resolved "https://registry.npmjs.org/nanoid/-/nanoid-3.3.6.tgz"

picocolors@^1.0.0:
  version "1.0.0"
  resolved "https://registry.npmjs.org/picocolors/-/picocolors-1.0.0.tgz"

postcss@^8.1.10, postcss@^8.4.23:
  version "8.4.31"
  resolved "https://registry.yarnpkg.com/postcss/-/postcss-8.4.31.tgz#92b451050a9f914da6755af352bdc0192508656d"
  dependencies:
    nanoid "^3.3.6"
    picocolors "^1.0.0"
    source-map-js "^1.0.2"

preact@^10.0.0:
  version "10.15.1"
  resolved "https://registry.npmjs.org/preact/-/preact-10.15.1.tgz"

rollup@^3.21.0:
  version "3.23.0"
  resolved "https://registry.npmjs.org/rollup/-/rollup-3.23.0.tgz"
  optionalDependencies:
    fsevents "~2.3.2"

shiki@^0.14.2:
  version "0.14.2"
  resolved "https://registry.npmjs.org/shiki/-/shiki-0.14.2.tgz"
  dependencies:
    ansi-sequence-parser "^1.1.0"
    jsonc-parser "^3.2.0"
    vscode-oniguruma "^1.7.0"
    vscode-textmate "^8.0.0"

source-map-js@^1.0.2:
  version "1.0.2"
  resolved "https://registry.npmjs.org/source-map-js/-/source-map-js-1.0.2.tgz"

tabbable@^6.1.2:
  version "6.1.2"
  resolved "https://registry.npmjs.org/tabbable/-/tabbable-6.1.2.tgz"

vite@^4.3.8:
  version "4.3.9"
  resolved "https://registry.npmjs.org/vite/-/vite-4.3.9.tgz"
  dependencies:
    esbuild "^0.17.5"
    postcss "^8.4.23"
    rollup "^3.21.0"
  optionalDependencies:
    fsevents "~2.3.2"

vitepress@^1.0.0-beta.1:
  version "1.0.0-beta.1"
  resolved "https://registry.npmjs.org/vitepress/-/vitepress-1.0.0-beta.1.tgz"
  dependencies:
    "@docsearch/css" "^3.3.5"
    "@docsearch/js" "^3.3.5"
    "@vitejs/plugin-vue" "^4.2.3"
    "@vue/devtools-api" "^6.5.0"
    "@vueuse/core" "^10.1.2"
    "@vueuse/integrations" "^10.1.2"
    body-scroll-lock "4.0.0-beta.0"
    focus-trap "^7.4.2"
    mark.js "8.11.1"
    minisearch "^6.1.0"
    shiki "^0.14.2"
    vite "^4.3.8"
    vue "^3.3.4"

vscode-oniguruma@^1.7.0:
  version "1.7.0"
  resolved "https://registry.npmjs.org/vscode-oniguruma/-/vscode-oniguruma-1.7.0.tgz"

vscode-textmate@^8.0.0:
  version "8.0.0"
  resolved "https://registry.npmjs.org/vscode-textmate/-/vscode-textmate-8.0.0.tgz"

vue-demi@>=0.14.0:
  version "0.14.5"
  resolved "https://registry.npmjs.org/vue-demi/-/vue-demi-0.14.5.tgz"

vue@^3.3.4:
  version "3.3.4"
  resolved "https://registry.npmjs.org/vue/-/vue-3.3.4.tgz"
  dependencies:
    "@vue/compiler-dom" "3.3.4"
    "@vue/compiler-sfc" "3.3.4"
    "@vue/runtime-dom" "3.3.4"
    "@vue/server-renderer" "3.3.4"
    "@vue/shared" "3.3.4"
